// !$*UTF8*$!
{
	archiveVersion = 1;
	classes = {
	};
	objectVersion = 50;
	objects = {

/* Begin PBXBuildFile section */
		6B0A78B226D31012004A0708 /* CoinHawkApp.swift in Sources */ = {isa = PBXBuildFile; fileRef = 6B0A78B126D31012004A0708 /* CoinHawkApp.swift */; };
		6B0A78B426D31012004A0708 /* ContentView.swift in Sources */ = {isa = PBXBuildFile; fileRef = 6B0A78B326D31012004A0708 /* ContentView.swift */; };
		6B0A78B926D31014004A0708 /* Preview Assets.xcassets in Resources */ = {isa = PBXBuildFile; fileRef = 6B0A78B826D31014004A0708 /* Preview Assets.xcassets */; };
		6B0A78C426D31014004A0708 /* CoinHawkTests.swift in Sources */ = {isa = PBXBuildFile; fileRef = 6B0A78C326D31014004A0708 /* CoinHawkTests.swift */; };
		6B0A78CF26D31014004A0708 /* CoinHawkUITests.swift in Sources */ = {isa = PBXBuildFile; fileRef = 6B0A78CE26D31014004A0708 /* CoinHawkUITests.swift */; };
		6B0C238F26D5CC4800A2ABF9 /* PortfolioView.swift in Sources */ = {isa = PBXBuildFile; fileRef = 6B0C238E26D5CC4800A2ABF9 /* PortfolioView.swift */; };
		6B0C239426D5CE3D00A2ABF9 /* XMarkButton.swift in Sources */ = {isa = PBXBuildFile; fileRef = 6B0C239326D5CE3D00A2ABF9 /* XMarkButton.swift */; };
		6B0C239926D5CFE200A2ABF9 /* CoinLogoView.swift in Sources */ = {isa = PBXBuildFile; fileRef = 6B0C239826D5CFE200A2ABF9 /* CoinLogoView.swift */; };
		6B0C239F26D5EBD100A2ABF9 /* PortfolioContainer.xcdatamodeld in Sources */ = {isa = PBXBuildFile; fileRef = 6B0C239D26D5EBD100A2ABF9 /* PortfolioContainer.xcdatamodeld */; };
		6B0C23A426D5EE0C00A2ABF9 /* PortfolioDataService.swift in Sources */ = {isa = PBXBuildFile; fileRef = 6B0C23A326D5EE0C00A2ABF9 /* PortfolioDataService.swift */; };
		6BFBE01826D31F93004337D6 /* Assets.xcassets in Resources */ = {isa = PBXBuildFile; fileRef = 6BFBE01726D31F93004337D6 /* Assets.xcassets */; };
		6BFBE02126D3201F004337D6 /* Color.swift in Sources */ = {isa = PBXBuildFile; fileRef = 6BFBE02026D3201F004337D6 /* Color.swift */; };
		6BFBE03126D322A1004337D6 /* HomeView.swift in Sources */ = {isa = PBXBuildFile; fileRef = 6BFBE03026D322A1004337D6 /* HomeView.swift */; };
		6BFBE03826D3236B004337D6 /* CircleButtonView.swift in Sources */ = {isa = PBXBuildFile; fileRef = 6BFBE03726D3236B004337D6 /* CircleButtonView.swift */; };
		6BFBE04026D32688004337D6 /* CircleButtonAnimationView.swift in Sources */ = {isa = PBXBuildFile; fileRef = 6BFBE03F26D32688004337D6 /* CircleButtonAnimationView.swift */; };
		6BFBE04626D33417004337D6 /* CoinModel.swift in Sources */ = {isa = PBXBuildFile; fileRef = 6BFBE04526D33417004337D6 /* CoinModel.swift */; };
		6BFBE04B26D34134004337D6 /* CoinRowView.swift in Sources */ = {isa = PBXBuildFile; fileRef = 6BFBE04A26D34134004337D6 /* CoinRowView.swift */; };
		6BFBE05026D34196004337D6 /* PreviewProvider.swift in Sources */ = {isa = PBXBuildFile; fileRef = 6BFBE04F26D34196004337D6 /* PreviewProvider.swift */; };
		6BFBE05526D344BB004337D6 /* Double.swift in Sources */ = {isa = PBXBuildFile; fileRef = 6BFBE05426D344BB004337D6 /* Double.swift */; };
		6BFBE05D26D34CC5004337D6 /* HomeViewModel.swift in Sources */ = {isa = PBXBuildFile; fileRef = 6BFBE05C26D34CC5004337D6 /* HomeViewModel.swift */; };
		6BFBE06C26D354D5004337D6 /* CoinDataService.swift in Sources */ = {isa = PBXBuildFile; fileRef = 6BFBE06B26D354D5004337D6 /* CoinDataService.swift */; };
		6BFBE07526D3F8D8004337D6 /* NetworkingManager.swift in Sources */ = {isa = PBXBuildFile; fileRef = 6BFBE07426D3F8D8004337D6 /* NetworkingManager.swift */; };
		6BFBE07E26D40471004337D6 /* CoinImageView.swift in Sources */ = {isa = PBXBuildFile; fileRef = 6BFBE07D26D40471004337D6 /* CoinImageView.swift */; };
		6BFBE08626D405F7004337D6 /* CoinImageService.swift in Sources */ = {isa = PBXBuildFile; fileRef = 6BFBE08526D405F7004337D6 /* CoinImageService.swift */; };
		6BFBE08B26D4070E004337D6 /* CoinImageViewModel.swift in Sources */ = {isa = PBXBuildFile; fileRef = 6BFBE08A26D4070E004337D6 /* CoinImageViewModel.swift */; };
		6BFBE09626D473F7004337D6 /* LocalFileManager.swift in Sources */ = {isa = PBXBuildFile; fileRef = 6BFBE09526D473F7004337D6 /* LocalFileManager.swift */; };
		6BFBE09B26D481C9004337D6 /* SearchBarView.swift in Sources */ = {isa = PBXBuildFile; fileRef = 6BFBE09A26D481C8004337D6 /* SearchBarView.swift */; };
		6BFBE0A326D4859E004337D6 /* UIApplication.swift in Sources */ = {isa = PBXBuildFile; fileRef = 6BFBE0A226D4859E004337D6 /* UIApplication.swift */; };
		6BFBE0AB26D48B6D004337D6 /* StatisticModel.swift in Sources */ = {isa = PBXBuildFile; fileRef = 6BFBE0AA26D48B6D004337D6 /* StatisticModel.swift */; };
		6BFBE0B026D48C89004337D6 /* StatisticView.swift in Sources */ = {isa = PBXBuildFile; fileRef = 6BFBE0AF26D48C89004337D6 /* StatisticView.swift */; };
		6BFBE0BE26D48F5B004337D6 /* HomeStatsView.swift in Sources */ = {isa = PBXBuildFile; fileRef = 6BFBE0BD26D48F5B004337D6 /* HomeStatsView.swift */; };
		6BFBE0C926D49B8F004337D6 /* MarketDataModel.swift in Sources */ = {isa = PBXBuildFile; fileRef = 6BFBE0C826D49B8F004337D6 /* MarketDataModel.swift */; };
		6BFBE0D126D49F95004337D6 /* MarketDataService.swift in Sources */ = {isa = PBXBuildFile; fileRef = 6BFBE0D026D49F95004337D6 /* MarketDataService.swift */; };
/* End PBXBuildFile section */

/* Begin PBXContainerItemProxy section */
		6B0A78C026D31014004A0708 /* PBXContainerItemProxy */ = {
			isa = PBXContainerItemProxy;
			containerPortal = 6B0A78A626D31012004A0708 /* Project object */;
			proxyType = 1;
			remoteGlobalIDString = 6B0A78AD26D31012004A0708;
			remoteInfo = CoinHawk;
		};
		6B0A78CB26D31014004A0708 /* PBXContainerItemProxy */ = {
			isa = PBXContainerItemProxy;
			containerPortal = 6B0A78A626D31012004A0708 /* Project object */;
			proxyType = 1;
			remoteGlobalIDString = 6B0A78AD26D31012004A0708;
			remoteInfo = CoinHawk;
		};
/* End PBXContainerItemProxy section */

/* Begin PBXFileReference section */
		6B0A78AE26D31012004A0708 /* CoinHawk.app */ = {isa = PBXFileReference; explicitFileType = wrapper.application; includeInIndex = 0; path = CoinHawk.app; sourceTree = BUILT_PRODUCTS_DIR; };
		6B0A78B126D31012004A0708 /* CoinHawkApp.swift */ = {isa = PBXFileReference; lastKnownFileType = sourcecode.swift; path = CoinHawkApp.swift; sourceTree = "<group>"; };
		6B0A78B326D31012004A0708 /* ContentView.swift */ = {isa = PBXFileReference; lastKnownFileType = sourcecode.swift; path = ContentView.swift; sourceTree = "<group>"; };
		6B0A78B826D31014004A0708 /* Preview Assets.xcassets */ = {isa = PBXFileReference; lastKnownFileType = folder.assetcatalog; path = "Preview Assets.xcassets"; sourceTree = "<group>"; };
		6B0A78BA26D31014004A0708 /* Info.plist */ = {isa = PBXFileReference; lastKnownFileType = text.plist.xml; path = Info.plist; sourceTree = "<group>"; };
		6B0A78BF26D31014004A0708 /* CoinHawkTests.xctest */ = {isa = PBXFileReference; explicitFileType = wrapper.cfbundle; includeInIndex = 0; path = CoinHawkTests.xctest; sourceTree = BUILT_PRODUCTS_DIR; };
		6B0A78C326D31014004A0708 /* CoinHawkTests.swift */ = {isa = PBXFileReference; lastKnownFileType = sourcecode.swift; path = CoinHawkTests.swift; sourceTree = "<group>"; };
		6B0A78C526D31014004A0708 /* Info.plist */ = {isa = PBXFileReference; lastKnownFileType = text.plist.xml; path = Info.plist; sourceTree = "<group>"; };
		6B0A78CA26D31014004A0708 /* CoinHawkUITests.xctest */ = {isa = PBXFileReference; explicitFileType = wrapper.cfbundle; includeInIndex = 0; path = CoinHawkUITests.xctest; sourceTree = BUILT_PRODUCTS_DIR; };
		6B0A78CE26D31014004A0708 /* CoinHawkUITests.swift */ = {isa = PBXFileReference; lastKnownFileType = sourcecode.swift; path = CoinHawkUITests.swift; sourceTree = "<group>"; };
		6B0A78D026D31014004A0708 /* Info.plist */ = {isa = PBXFileReference; lastKnownFileType = text.plist.xml; path = Info.plist; sourceTree = "<group>"; };
		6B0C238E26D5CC4800A2ABF9 /* PortfolioView.swift */ = {isa = PBXFileReference; lastKnownFileType = sourcecode.swift; path = PortfolioView.swift; sourceTree = "<group>"; };
		6B0C239326D5CE3D00A2ABF9 /* XMarkButton.swift */ = {isa = PBXFileReference; lastKnownFileType = sourcecode.swift; path = XMarkButton.swift; sourceTree = "<group>"; };
		6B0C239826D5CFE200A2ABF9 /* CoinLogoView.swift */ = {isa = PBXFileReference; lastKnownFileType = sourcecode.swift; path = CoinLogoView.swift; sourceTree = "<group>"; };
		6B0C239E26D5EBD100A2ABF9 /* PortfolioContainer.xcdatamodel */ = {isa = PBXFileReference; lastKnownFileType = wrapper.xcdatamodel; path = PortfolioContainer.xcdatamodel; sourceTree = "<group>"; };
		6B0C23A326D5EE0C00A2ABF9 /* PortfolioDataService.swift */ = {isa = PBXFileReference; lastKnownFileType = sourcecode.swift; path = PortfolioDataService.swift; sourceTree = "<group>"; };
		6BFBE01726D31F93004337D6 /* Assets.xcassets */ = {isa = PBXFileReference; lastKnownFileType = folder.assetcatalog; name = Assets.xcassets; path = ../../../Downloads/Resources/Assets.xcassets; sourceTree = "<group>"; };
		6BFBE02026D3201F004337D6 /* Color.swift */ = {isa = PBXFileReference; lastKnownFileType = sourcecode.swift; path = Color.swift; sourceTree = "<group>"; };
		6BFBE03026D322A1004337D6 /* HomeView.swift */ = {isa = PBXFileReference; lastKnownFileType = sourcecode.swift; path = HomeView.swift; sourceTree = "<group>"; };
		6BFBE03726D3236B004337D6 /* CircleButtonView.swift */ = {isa = PBXFileReference; lastKnownFileType = sourcecode.swift; path = CircleButtonView.swift; sourceTree = "<group>"; };
		6BFBE03F26D32688004337D6 /* CircleButtonAnimationView.swift */ = {isa = PBXFileReference; lastKnownFileType = sourcecode.swift; path = CircleButtonAnimationView.swift; sourceTree = "<group>"; };
		6BFBE04526D33417004337D6 /* CoinModel.swift */ = {isa = PBXFileReference; lastKnownFileType = sourcecode.swift; path = CoinModel.swift; sourceTree = "<group>"; };
		6BFBE04A26D34134004337D6 /* CoinRowView.swift */ = {isa = PBXFileReference; lastKnownFileType = sourcecode.swift; path = CoinRowView.swift; sourceTree = "<group>"; };
		6BFBE04F26D34196004337D6 /* PreviewProvider.swift */ = {isa = PBXFileReference; lastKnownFileType = sourcecode.swift; path = PreviewProvider.swift; sourceTree = "<group>"; };
		6BFBE05426D344BB004337D6 /* Double.swift */ = {isa = PBXFileReference; lastKnownFileType = sourcecode.swift; path = Double.swift; sourceTree = "<group>"; };
		6BFBE05C26D34CC5004337D6 /* HomeViewModel.swift */ = {isa = PBXFileReference; lastKnownFileType = sourcecode.swift; path = HomeViewModel.swift; sourceTree = "<group>"; };
		6BFBE06B26D354D5004337D6 /* CoinDataService.swift */ = {isa = PBXFileReference; lastKnownFileType = sourcecode.swift; path = CoinDataService.swift; sourceTree = "<group>"; };
		6BFBE07426D3F8D8004337D6 /* NetworkingManager.swift */ = {isa = PBXFileReference; lastKnownFileType = sourcecode.swift; path = NetworkingManager.swift; sourceTree = "<group>"; };
		6BFBE07D26D40471004337D6 /* CoinImageView.swift */ = {isa = PBXFileReference; lastKnownFileType = sourcecode.swift; path = CoinImageView.swift; sourceTree = "<group>"; };
		6BFBE08526D405F7004337D6 /* CoinImageService.swift */ = {isa = PBXFileReference; lastKnownFileType = sourcecode.swift; path = CoinImageService.swift; sourceTree = "<group>"; };
		6BFBE08A26D4070E004337D6 /* CoinImageViewModel.swift */ = {isa = PBXFileReference; lastKnownFileType = sourcecode.swift; path = CoinImageViewModel.swift; sourceTree = "<group>"; };
		6BFBE09526D473F7004337D6 /* LocalFileManager.swift */ = {isa = PBXFileReference; lastKnownFileType = sourcecode.swift; path = LocalFileManager.swift; sourceTree = "<group>"; };
		6BFBE09A26D481C8004337D6 /* SearchBarView.swift */ = {isa = PBXFileReference; lastKnownFileType = sourcecode.swift; path = SearchBarView.swift; sourceTree = "<group>"; };
		6BFBE0A226D4859E004337D6 /* UIApplication.swift */ = {isa = PBXFileReference; lastKnownFileType = sourcecode.swift; path = UIApplication.swift; sourceTree = "<group>"; };
		6BFBE0AA26D48B6D004337D6 /* StatisticModel.swift */ = {isa = PBXFileReference; lastKnownFileType = sourcecode.swift; path = StatisticModel.swift; sourceTree = "<group>"; };
		6BFBE0AF26D48C89004337D6 /* StatisticView.swift */ = {isa = PBXFileReference; lastKnownFileType = sourcecode.swift; path = StatisticView.swift; sourceTree = "<group>"; };
		6BFBE0BD26D48F5B004337D6 /* HomeStatsView.swift */ = {isa = PBXFileReference; lastKnownFileType = sourcecode.swift; path = HomeStatsView.swift; sourceTree = "<group>"; };
		6BFBE0C826D49B8F004337D6 /* MarketDataModel.swift */ = {isa = PBXFileReference; lastKnownFileType = sourcecode.swift; path = MarketDataModel.swift; sourceTree = "<group>"; };
		6BFBE0D026D49F95004337D6 /* MarketDataService.swift */ = {isa = PBXFileReference; lastKnownFileType = sourcecode.swift; path = MarketDataService.swift; sourceTree = "<group>"; };
/* End PBXFileReference section */

/* Begin PBXFrameworksBuildPhase section */
		6B0A78AB26D31012004A0708 /* Frameworks */ = {
			isa = PBXFrameworksBuildPhase;
			buildActionMask = 2147483647;
			files = (
			);
			runOnlyForDeploymentPostprocessing = 0;
		};
		6B0A78BC26D31014004A0708 /* Frameworks */ = {
			isa = PBXFrameworksBuildPhase;
			buildActionMask = 2147483647;
			files = (
			);
			runOnlyForDeploymentPostprocessing = 0;
		};
		6B0A78C726D31014004A0708 /* Frameworks */ = {
			isa = PBXFrameworksBuildPhase;
			buildActionMask = 2147483647;
			files = (
			);
			runOnlyForDeploymentPostprocessing = 0;
		};
/* End PBXFrameworksBuildPhase section */

/* Begin PBXGroup section */
		6B0A78A526D31012004A0708 = {
			isa = PBXGroup;
			children = (
				6B0A78B026D31012004A0708 /* CoinHawk */,
				6B0A78C226D31014004A0708 /* CoinHawkTests */,
				6B0A78CD26D31014004A0708 /* CoinHawkUITests */,
				6B0A78AF26D31012004A0708 /* Products */,
			);
			sourceTree = "<group>";
		};
		6B0A78AF26D31012004A0708 /* Products */ = {
			isa = PBXGroup;
			children = (
				6B0A78AE26D31012004A0708 /* CoinHawk.app */,
				6B0A78BF26D31014004A0708 /* CoinHawkTests.xctest */,
				6B0A78CA26D31014004A0708 /* CoinHawkUITests.xctest */,
			);
			name = Products;
			sourceTree = "<group>";
		};
		6B0A78B026D31012004A0708 /* CoinHawk */ = {
			isa = PBXGroup;
			children = (
				6B0A78B126D31012004A0708 /* CoinHawkApp.swift */,
				6BFBE07326D3F8AB004337D6 /* Utilities */,
				6BFBE01F26D32000004337D6 /* Extensions */,
				6BFBE06A26D354AF004337D6 /* Services */,
				6BFBE04426D333BD004337D6 /* Models */,
				6BFBE02B26D32256004337D6 /* Core */,
				6B0A78B326D31012004A0708 /* ContentView.swift */,
				6BFBE01726D31F93004337D6 /* Assets.xcassets */,
				6B0A78BA26D31014004A0708 /* Info.plist */,
				6B0A78B726D31014004A0708 /* Preview Content */,
			);
			path = CoinHawk;
			sourceTree = "<group>";
		};
		6B0A78B726D31014004A0708 /* Preview Content */ = {
			isa = PBXGroup;
			children = (
				6B0A78B826D31014004A0708 /* Preview Assets.xcassets */,
			);
			path = "Preview Content";
			sourceTree = "<group>";
		};
		6B0A78C226D31014004A0708 /* CoinHawkTests */ = {
			isa = PBXGroup;
			children = (
				6B0A78C326D31014004A0708 /* CoinHawkTests.swift */,
				6B0A78C526D31014004A0708 /* Info.plist */,
			);
			path = CoinHawkTests;
			sourceTree = "<group>";
		};
		6B0A78CD26D31014004A0708 /* CoinHawkUITests */ = {
			isa = PBXGroup;
			children = (
				6B0A78CE26D31014004A0708 /* CoinHawkUITests.swift */,
				6B0A78D026D31014004A0708 /* Info.plist */,
			);
			path = CoinHawkUITests;
			sourceTree = "<group>";
		};
		6BFBE01F26D32000004337D6 /* Extensions */ = {
			isa = PBXGroup;
			children = (
				6BFBE02026D3201F004337D6 /* Color.swift */,
				6BFBE04F26D34196004337D6 /* PreviewProvider.swift */,
				6BFBE05426D344BB004337D6 /* Double.swift */,
				6BFBE0A226D4859E004337D6 /* UIApplication.swift */,
			);
			path = Extensions;
			sourceTree = "<group>";
		};
		6BFBE02B26D32256004337D6 /* Core */ = {
			isa = PBXGroup;
			children = (
				6BFBE03526D32346004337D6 /* Components */,
				6BFBE02C26D32262004337D6 /* Home */,
			);
			path = Core;
			sourceTree = "<group>";
		};
		6BFBE02C26D32262004337D6 /* Home */ = {
			isa = PBXGroup;
			children = (
				6BFBE02F26D3228D004337D6 /* ViewModels */,
				6BFBE02D26D3226E004337D6 /* Views */,
			);
			path = Home;
			sourceTree = "<group>";
		};
		6BFBE02D26D3226E004337D6 /* Views */ = {
			isa = PBXGroup;
			children = (
				6BFBE03026D322A1004337D6 /* HomeView.swift */,
				6BFBE0BD26D48F5B004337D6 /* HomeStatsView.swift */,
				6BFBE04A26D34134004337D6 /* CoinRowView.swift */,
				6B0C238E26D5CC4800A2ABF9 /* PortfolioView.swift */,
			);
			path = Views;
			sourceTree = "<group>";
		};
		6BFBE02F26D3228D004337D6 /* ViewModels */ = {
			isa = PBXGroup;
			children = (
				6BFBE05C26D34CC5004337D6 /* HomeViewModel.swift */,
			);
			path = ViewModels;
			sourceTree = "<group>";
		};
		6BFBE03526D32346004337D6 /* Components */ = {
			isa = PBXGroup;
			children = (
				6BFBE07C26D40462004337D6 /* CoinImage */,
				6BFBE03626D3235B004337D6 /* CircleButton */,
				6BFBE09A26D481C8004337D6 /* SearchBarView.swift */,
				6BFBE0AF26D48C89004337D6 /* StatisticView.swift */,
				6B0C239326D5CE3D00A2ABF9 /* XMarkButton.swift */,
			);
			path = Components;
			sourceTree = "<group>";
		};
		6BFBE03626D3235B004337D6 /* CircleButton */ = {
			isa = PBXGroup;
			children = (
				6BFBE03726D3236B004337D6 /* CircleButtonView.swift */,
				6BFBE03F26D32688004337D6 /* CircleButtonAnimationView.swift */,
			);
			path = CircleButton;
			sourceTree = "<group>";
		};
		6BFBE04426D333BD004337D6 /* Models */ = {
			isa = PBXGroup;
			children = (
				6BFBE04526D33417004337D6 /* CoinModel.swift */,
				6BFBE0AA26D48B6D004337D6 /* StatisticModel.swift */,
				6BFBE0C826D49B8F004337D6 /* MarketDataModel.swift */,
				6B0C239D26D5EBD100A2ABF9 /* PortfolioContainer.xcdatamodeld */,
			);
			path = Models;
			sourceTree = "<group>";
		};
		6BFBE06A26D354AF004337D6 /* Services */ = {
			isa = PBXGroup;
			children = (
				6BFBE06B26D354D5004337D6 /* CoinDataService.swift */,
				6BFBE08526D405F7004337D6 /* CoinImageService.swift */,
				6BFBE0D026D49F95004337D6 /* MarketDataService.swift */,
				6B0C23A326D5EE0C00A2ABF9 /* PortfolioDataService.swift */,
			);
			path = Services;
			sourceTree = "<group>";
		};
		6BFBE07326D3F8AB004337D6 /* Utilities */ = {
			isa = PBXGroup;
			children = (
				6BFBE07426D3F8D8004337D6 /* NetworkingManager.swift */,
				6BFBE09526D473F7004337D6 /* LocalFileManager.swift */,
			);
			path = Utilities;
			sourceTree = "<group>";
		};
		6BFBE07C26D40462004337D6 /* CoinImage */ = {
			isa = PBXGroup;
			children = (
				6BFBE07D26D40471004337D6 /* CoinImageView.swift */,
				6BFBE08A26D4070E004337D6 /* CoinImageViewModel.swift */,
				6B0C239826D5CFE200A2ABF9 /* CoinLogoView.swift */,
			);
			path = CoinImage;
			sourceTree = "<group>";
		};
/* End PBXGroup section */

/* Begin PBXNativeTarget section */
		6B0A78AD26D31012004A0708 /* CoinHawk */ = {
			isa = PBXNativeTarget;
			buildConfigurationList = 6B0A78D326D31014004A0708 /* Build configuration list for PBXNativeTarget "CoinHawk" */;
			buildPhases = (
				6B0A78AA26D31012004A0708 /* Sources */,
				6B0A78AB26D31012004A0708 /* Frameworks */,
				6B0A78AC26D31012004A0708 /* Resources */,
			);
			buildRules = (
			);
			dependencies = (
			);
			name = CoinHawk;
			productName = CoinHawk;
			productReference = 6B0A78AE26D31012004A0708 /* CoinHawk.app */;
			productType = "com.apple.product-type.application";
		};
		6B0A78BE26D31014004A0708 /* CoinHawkTests */ = {
			isa = PBXNativeTarget;
			buildConfigurationList = 6B0A78D626D31014004A0708 /* Build configuration list for PBXNativeTarget "CoinHawkTests" */;
			buildPhases = (
				6B0A78BB26D31014004A0708 /* Sources */,
				6B0A78BC26D31014004A0708 /* Frameworks */,
				6B0A78BD26D31014004A0708 /* Resources */,
			);
			buildRules = (
			);
			dependencies = (
				6B0A78C126D31014004A0708 /* PBXTargetDependency */,
			);
			name = CoinHawkTests;
			productName = CoinHawkTests;
			productReference = 6B0A78BF26D31014004A0708 /* CoinHawkTests.xctest */;
			productType = "com.apple.product-type.bundle.unit-test";
		};
		6B0A78C926D31014004A0708 /* CoinHawkUITests */ = {
			isa = PBXNativeTarget;
			buildConfigurationList = 6B0A78D926D31014004A0708 /* Build configuration list for PBXNativeTarget "CoinHawkUITests" */;
			buildPhases = (
				6B0A78C626D31014004A0708 /* Sources */,
				6B0A78C726D31014004A0708 /* Frameworks */,
				6B0A78C826D31014004A0708 /* Resources */,
			);
			buildRules = (
			);
			dependencies = (
				6B0A78CC26D31014004A0708 /* PBXTargetDependency */,
			);
			name = CoinHawkUITests;
			productName = CoinHawkUITests;
			productReference = 6B0A78CA26D31014004A0708 /* CoinHawkUITests.xctest */;
			productType = "com.apple.product-type.bundle.ui-testing";
		};
/* End PBXNativeTarget section */

/* Begin PBXProject section */
		6B0A78A626D31012004A0708 /* Project object */ = {
			isa = PBXProject;
			attributes = {
				LastSwiftUpdateCheck = 1230;
				LastUpgradeCheck = 1230;
				TargetAttributes = {
					6B0A78AD26D31012004A0708 = {
						CreatedOnToolsVersion = 12.3;
					};
					6B0A78BE26D31014004A0708 = {
						CreatedOnToolsVersion = 12.3;
						TestTargetID = 6B0A78AD26D31012004A0708;
					};
					6B0A78C926D31014004A0708 = {
						CreatedOnToolsVersion = 12.3;
						TestTargetID = 6B0A78AD26D31012004A0708;
					};
				};
			};
			buildConfigurationList = 6B0A78A926D31012004A0708 /* Build configuration list for PBXProject "CoinHawk" */;
			compatibilityVersion = "Xcode 9.3";
			developmentRegion = en;
			hasScannedForEncodings = 0;
			knownRegions = (
				en,
				Base,
			);
			mainGroup = 6B0A78A526D31012004A0708;
			productRefGroup = 6B0A78AF26D31012004A0708 /* Products */;
			projectDirPath = "";
			projectRoot = "";
			targets = (
				6B0A78AD26D31012004A0708 /* CoinHawk */,
				6B0A78BE26D31014004A0708 /* CoinHawkTests */,
				6B0A78C926D31014004A0708 /* CoinHawkUITests */,
			);
		};
/* End PBXProject section */

/* Begin PBXResourcesBuildPhase section */
		6B0A78AC26D31012004A0708 /* Resources */ = {
			isa = PBXResourcesBuildPhase;
			buildActionMask = 2147483647;
			files = (
				6B0A78B926D31014004A0708 /* Preview Assets.xcassets in Resources */,
				6BFBE01826D31F93004337D6 /* Assets.xcassets in Resources */,
			);
			runOnlyForDeploymentPostprocessing = 0;
		};
		6B0A78BD26D31014004A0708 /* Resources */ = {
			isa = PBXResourcesBuildPhase;
			buildActionMask = 2147483647;
			files = (
			);
			runOnlyForDeploymentPostprocessing = 0;
		};
		6B0A78C826D31014004A0708 /* Resources */ = {
			isa = PBXResourcesBuildPhase;
			buildActionMask = 2147483647;
			files = (
			);
			runOnlyForDeploymentPostprocessing = 0;
		};
/* End PBXResourcesBuildPhase section */

/* Begin PBXSourcesBuildPhase section */
		6B0A78AA26D31012004A0708 /* Sources */ = {
			isa = PBXSourcesBuildPhase;
			buildActionMask = 2147483647;
			files = (
				6B0C239F26D5EBD100A2ABF9 /* PortfolioContainer.xcdatamodeld in Sources */,
				6BFBE0AB26D48B6D004337D6 /* StatisticModel.swift in Sources */,
				6BFBE06C26D354D5004337D6 /* CoinDataService.swift in Sources */,
				6BFBE04B26D34134004337D6 /* CoinRowView.swift in Sources */,
				6B0C239426D5CE3D00A2ABF9 /* XMarkButton.swift in Sources */,
				6BFBE05D26D34CC5004337D6 /* HomeViewModel.swift in Sources */,
				6B0A78B426D31012004A0708 /* ContentView.swift in Sources */,
				6BFBE09626D473F7004337D6 /* LocalFileManager.swift in Sources */,
				6BFBE0C926D49B8F004337D6 /* MarketDataModel.swift in Sources */,
				6BFBE03126D322A1004337D6 /* HomeView.swift in Sources */,
				6BFBE0B026D48C89004337D6 /* StatisticView.swift in Sources */,
				6BFBE07E26D40471004337D6 /* CoinImageView.swift in Sources */,
				6B0A78B226D31012004A0708 /* CoinHawkApp.swift in Sources */,
				6BFBE0A326D4859E004337D6 /* UIApplication.swift in Sources */,
				6BFBE03826D3236B004337D6 /* CircleButtonView.swift in Sources */,
				6BFBE02126D3201F004337D6 /* Color.swift in Sources */,
				6BFBE09B26D481C9004337D6 /* SearchBarView.swift in Sources */,
				6BFBE07526D3F8D8004337D6 /* NetworkingManager.swift in Sources */,
				6B0C239926D5CFE200A2ABF9 /* CoinLogoView.swift in Sources */,
				6BFBE0BE26D48F5B004337D6 /* HomeStatsView.swift in Sources */,
				6BFBE0D126D49F95004337D6 /* MarketDataService.swift in Sources */,
				6BFBE04026D32688004337D6 /* CircleButtonAnimationView.swift in Sources */,
				6BFBE08B26D4070E004337D6 /* CoinImageViewModel.swift in Sources */,
				6BFBE05026D34196004337D6 /* PreviewProvider.swift in Sources */,
				6B0C238F26D5CC4800A2ABF9 /* PortfolioView.swift in Sources */,
				6BFBE05526D344BB004337D6 /* Double.swift in Sources */,
				6BFBE08626D405F7004337D6 /* CoinImageService.swift in Sources */,
				6BFBE04626D33417004337D6 /* CoinModel.swift in Sources */,
				6B0C23A426D5EE0C00A2ABF9 /* PortfolioDataService.swift in Sources */,
			);
			runOnlyForDeploymentPostprocessing = 0;
		};
		6B0A78BB26D31014004A0708 /* Sources */ = {
			isa = PBXSourcesBuildPhase;
			buildActionMask = 2147483647;
			files = (
				6B0A78C426D31014004A0708 /* CoinHawkTests.swift in Sources */,
			);
			runOnlyForDeploymentPostprocessing = 0;
		};
		6B0A78C626D31014004A0708 /* Sources */ = {
			isa = PBXSourcesBuildPhase;
			buildActionMask = 2147483647;
			files = (
				6B0A78CF26D31014004A0708 /* CoinHawkUITests.swift in Sources */,
			);
			runOnlyForDeploymentPostprocessing = 0;
		};
/* End PBXSourcesBuildPhase section */

/* Begin PBXTargetDependency section */
		6B0A78C126D31014004A0708 /* PBXTargetDependency */ = {
			isa = PBXTargetDependency;
			target = 6B0A78AD26D31012004A0708 /* CoinHawk */;
			targetProxy = 6B0A78C026D31014004A0708 /* PBXContainerItemProxy */;
		};
		6B0A78CC26D31014004A0708 /* PBXTargetDependency */ = {
			isa = PBXTargetDependency;
			target = 6B0A78AD26D31012004A0708 /* CoinHawk */;
			targetProxy = 6B0A78CB26D31014004A0708 /* PBXContainerItemProxy */;
		};
/* End PBXTargetDependency section */

/* Begin XCBuildConfiguration section */
		6B0A78D126D31014004A0708 /* Debug */ = {
			isa = XCBuildConfiguration;
			buildSettings = {
				ALWAYS_SEARCH_USER_PATHS = NO;
				CLANG_ANALYZER_NONNULL = YES;
				CLANG_ANALYZER_NUMBER_OBJECT_CONVERSION = YES_AGGRESSIVE;
				CLANG_CXX_LANGUAGE_STANDARD = "gnu++14";
				CLANG_CXX_LIBRARY = "libc++";
				CLANG_ENABLE_MODULES = YES;
				CLANG_ENABLE_OBJC_ARC = YES;
				CLANG_ENABLE_OBJC_WEAK = YES;
				CLANG_WARN_BLOCK_CAPTURE_AUTORELEASING = YES;
				CLANG_WARN_BOOL_CONVERSION = YES;
				CLANG_WARN_COMMA = YES;
				CLANG_WARN_CONSTANT_CONVERSION = YES;
				CLANG_WARN_DEPRECATED_OBJC_IMPLEMENTATIONS = YES;
				CLANG_WARN_DIRECT_OBJC_ISA_USAGE = YES_ERROR;
				CLANG_WARN_DOCUMENTATION_COMMENTS = YES;
				CLANG_WARN_EMPTY_BODY = YES;
				CLANG_WARN_ENUM_CONVERSION = YES;
				CLANG_WARN_INFINITE_RECURSION = YES;
				CLANG_WARN_INT_CONVERSION = YES;
				CLANG_WARN_NON_LITERAL_NULL_CONVERSION = YES;
				CLANG_WARN_OBJC_IMPLICIT_RETAIN_SELF = YES;
				CLANG_WARN_OBJC_LITERAL_CONVERSION = YES;
				CLANG_WARN_OBJC_ROOT_CLASS = YES_ERROR;
				CLANG_WARN_QUOTED_INCLUDE_IN_FRAMEWORK_HEADER = YES;
				CLANG_WARN_RANGE_LOOP_ANALYSIS = YES;
				CLANG_WARN_STRICT_PROTOTYPES = YES;
				CLANG_WARN_SUSPICIOUS_MOVE = YES;
				CLANG_WARN_UNGUARDED_AVAILABILITY = YES_AGGRESSIVE;
				CLANG_WARN_UNREACHABLE_CODE = YES;
				CLANG_WARN__DUPLICATE_METHOD_MATCH = YES;
				COPY_PHASE_STRIP = NO;
				DEBUG_INFORMATION_FORMAT = dwarf;
				ENABLE_STRICT_OBJC_MSGSEND = YES;
				ENABLE_TESTABILITY = YES;
				GCC_C_LANGUAGE_STANDARD = gnu11;
				GCC_DYNAMIC_NO_PIC = NO;
				GCC_NO_COMMON_BLOCKS = YES;
				GCC_OPTIMIZATION_LEVEL = 0;
				GCC_PREPROCESSOR_DEFINITIONS = (
					"DEBUG=1",
					"$(inherited)",
				);
				GCC_WARN_64_TO_32_BIT_CONVERSION = YES;
				GCC_WARN_ABOUT_RETURN_TYPE = YES_ERROR;
				GCC_WARN_UNDECLARED_SELECTOR = YES;
				GCC_WARN_UNINITIALIZED_AUTOS = YES_AGGRESSIVE;
				GCC_WARN_UNUSED_FUNCTION = YES;
				GCC_WARN_UNUSED_VARIABLE = YES;
				IPHONEOS_DEPLOYMENT_TARGET = 14.3;
				MTL_ENABLE_DEBUG_INFO = INCLUDE_SOURCE;
				MTL_FAST_MATH = YES;
				ONLY_ACTIVE_ARCH = YES;
				SDKROOT = iphoneos;
				SWIFT_ACTIVE_COMPILATION_CONDITIONS = DEBUG;
				SWIFT_OPTIMIZATION_LEVEL = "-Onone";
			};
			name = Debug;
		};
		6B0A78D226D31014004A0708 /* Release */ = {
			isa = XCBuildConfiguration;
			buildSettings = {
				ALWAYS_SEARCH_USER_PATHS = NO;
				CLANG_ANALYZER_NONNULL = YES;
				CLANG_ANALYZER_NUMBER_OBJECT_CONVERSION = YES_AGGRESSIVE;
				CLANG_CXX_LANGUAGE_STANDARD = "gnu++14";
				CLANG_CXX_LIBRARY = "libc++";
				CLANG_ENABLE_MODULES = YES;
				CLANG_ENABLE_OBJC_ARC = YES;
				CLANG_ENABLE_OBJC_WEAK = YES;
				CLANG_WARN_BLOCK_CAPTURE_AUTORELEASING = YES;
				CLANG_WARN_BOOL_CONVERSION = YES;
				CLANG_WARN_COMMA = YES;
				CLANG_WARN_CONSTANT_CONVERSION = YES;
				CLANG_WARN_DEPRECATED_OBJC_IMPLEMENTATIONS = YES;
				CLANG_WARN_DIRECT_OBJC_ISA_USAGE = YES_ERROR;
				CLANG_WARN_DOCUMENTATION_COMMENTS = YES;
				CLANG_WARN_EMPTY_BODY = YES;
				CLANG_WARN_ENUM_CONVERSION = YES;
				CLANG_WARN_INFINITE_RECURSION = YES;
				CLANG_WARN_INT_CONVERSION = YES;
				CLANG_WARN_NON_LITERAL_NULL_CONVERSION = YES;
				CLANG_WARN_OBJC_IMPLICIT_RETAIN_SELF = YES;
				CLANG_WARN_OBJC_LITERAL_CONVERSION = YES;
				CLANG_WARN_OBJC_ROOT_CLASS = YES_ERROR;
				CLANG_WARN_QUOTED_INCLUDE_IN_FRAMEWORK_HEADER = YES;
				CLANG_WARN_RANGE_LOOP_ANALYSIS = YES;
				CLANG_WARN_STRICT_PROTOTYPES = YES;
				CLANG_WARN_SUSPICIOUS_MOVE = YES;
				CLANG_WARN_UNGUARDED_AVAILABILITY = YES_AGGRESSIVE;
				CLANG_WARN_UNREACHABLE_CODE = YES;
				CLANG_WARN__DUPLICATE_METHOD_MATCH = YES;
				COPY_PHASE_STRIP = NO;
				DEBUG_INFORMATION_FORMAT = "dwarf-with-dsym";
				ENABLE_NS_ASSERTIONS = NO;
				ENABLE_STRICT_OBJC_MSGSEND = YES;
				GCC_C_LANGUAGE_STANDARD = gnu11;
				GCC_NO_COMMON_BLOCKS = YES;
				GCC_WARN_64_TO_32_BIT_CONVERSION = YES;
				GCC_WARN_ABOUT_RETURN_TYPE = YES_ERROR;
				GCC_WARN_UNDECLARED_SELECTOR = YES;
				GCC_WARN_UNINITIALIZED_AUTOS = YES_AGGRESSIVE;
				GCC_WARN_UNUSED_FUNCTION = YES;
				GCC_WARN_UNUSED_VARIABLE = YES;
				IPHONEOS_DEPLOYMENT_TARGET = 14.3;
				MTL_ENABLE_DEBUG_INFO = NO;
				MTL_FAST_MATH = YES;
				SDKROOT = iphoneos;
				SWIFT_COMPILATION_MODE = wholemodule;
				SWIFT_OPTIMIZATION_LEVEL = "-O";
				VALIDATE_PRODUCT = YES;
			};
			name = Release;
		};
		6B0A78D426D31014004A0708 /* Debug */ = {
			isa = XCBuildConfiguration;
			buildSettings = {
				ASSETCATALOG_COMPILER_APPICON_NAME = AppIcon;
				ASSETCATALOG_COMPILER_GLOBAL_ACCENT_COLOR_NAME = AccentColor;
				CODE_SIGN_STYLE = Automatic;
				DEVELOPMENT_ASSET_PATHS = "\"CoinHawk/Preview Content\"";
				DEVELOPMENT_TEAM = QG72F67B5X;
				ENABLE_PREVIEWS = YES;
				INFOPLIST_FILE = CoinHawk/Info.plist;
				IPHONEOS_DEPLOYMENT_TARGET = 14.0;
				LD_RUNPATH_SEARCH_PATHS = (
					"$(inherited)",
					"@executable_path/Frameworks",
				);
				PRODUCT_BUNDLE_IDENTIFIER = com.cameroncronheimer.CoinHawk;
				PRODUCT_NAME = "$(TARGET_NAME)";
				SWIFT_VERSION = 5.0;
				TARGETED_DEVICE_FAMILY = "1,2";
			};
			name = Debug;
		};
		6B0A78D526D31014004A0708 /* Release */ = {
			isa = XCBuildConfiguration;
			buildSettings = {
				ASSETCATALOG_COMPILER_APPICON_NAME = AppIcon;
				ASSETCATALOG_COMPILER_GLOBAL_ACCENT_COLOR_NAME = AccentColor;
				CODE_SIGN_STYLE = Automatic;
				DEVELOPMENT_ASSET_PATHS = "\"CoinHawk/Preview Content\"";
				DEVELOPMENT_TEAM = QG72F67B5X;
				ENABLE_PREVIEWS = YES;
				INFOPLIST_FILE = CoinHawk/Info.plist;
				IPHONEOS_DEPLOYMENT_TARGET = 14.0;
				LD_RUNPATH_SEARCH_PATHS = (
					"$(inherited)",
					"@executable_path/Frameworks",
				);
				PRODUCT_BUNDLE_IDENTIFIER = com.cameroncronheimer.CoinHawk;
				PRODUCT_NAME = "$(TARGET_NAME)";
				SWIFT_VERSION = 5.0;
				TARGETED_DEVICE_FAMILY = "1,2";
			};
			name = Release;
		};
		6B0A78D726D31014004A0708 /* Debug */ = {
			isa = XCBuildConfiguration;
			buildSettings = {
				ALWAYS_EMBED_SWIFT_STANDARD_LIBRARIES = YES;
				BUNDLE_LOADER = "$(TEST_HOST)";
				CODE_SIGN_STYLE = Automatic;
				DEVELOPMENT_TEAM = QG72F67B5X;
				INFOPLIST_FILE = CoinHawkTests/Info.plist;
				IPHONEOS_DEPLOYMENT_TARGET = 14.0;
				LD_RUNPATH_SEARCH_PATHS = (
					"$(inherited)",
					"@executable_path/Frameworks",
					"@loader_path/Frameworks",
				);
				PRODUCT_BUNDLE_IDENTIFIER = com.cameroncronheimer.CoinHawkTests;
				PRODUCT_NAME = "$(TARGET_NAME)";
				SWIFT_VERSION = 5.0;
				TARGETED_DEVICE_FAMILY = "1,2";
				TEST_HOST = "$(BUILT_PRODUCTS_DIR)/CoinHawk.app/CoinHawk";
			};
			name = Debug;
		};
		6B0A78D826D31014004A0708 /* Release */ = {
			isa = XCBuildConfiguration;
			buildSettings = {
				ALWAYS_EMBED_SWIFT_STANDARD_LIBRARIES = YES;
				BUNDLE_LOADER = "$(TEST_HOST)";
				CODE_SIGN_STYLE = Automatic;
				DEVELOPMENT_TEAM = QG72F67B5X;
				INFOPLIST_FILE = CoinHawkTests/Info.plist;
				IPHONEOS_DEPLOYMENT_TARGET = 14.0;
				LD_RUNPATH_SEARCH_PATHS = (
					"$(inherited)",
					"@executable_path/Frameworks",
					"@loader_path/Frameworks",
				);
				PRODUCT_BUNDLE_IDENTIFIER = com.cameroncronheimer.CoinHawkTests;
				PRODUCT_NAME = "$(TARGET_NAME)";
				SWIFT_VERSION = 5.0;
				TARGETED_DEVICE_FAMILY = "1,2";
				TEST_HOST = "$(BUILT_PRODUCTS_DIR)/CoinHawk.app/CoinHawk";
			};
			name = Release;
		};
		6B0A78DA26D31014004A0708 /* Debug */ = {
			isa = XCBuildConfiguration;
			buildSettings = {
				ALWAYS_EMBED_SWIFT_STANDARD_LIBRARIES = YES;
				CODE_SIGN_STYLE = Automatic;
				DEVELOPMENT_TEAM = QG72F67B5X;
				INFOPLIST_FILE = CoinHawkUITests/Info.plist;
				LD_RUNPATH_SEARCH_PATHS = (
					"$(inherited)",
					"@executable_path/Frameworks",
					"@loader_path/Frameworks",
				);
				PRODUCT_BUNDLE_IDENTIFIER = com.cameroncronheimer.CoinHawkUITests;
				PRODUCT_NAME = "$(TARGET_NAME)";
				SWIFT_VERSION = 5.0;
				TARGETED_DEVICE_FAMILY = "1,2";
				TEST_TARGET_NAME = CoinHawk;
			};
			name = Debug;
		};
		6B0A78DB26D31014004A0708 /* Release */ = {
			isa = XCBuildConfiguration;
			buildSettings = {
				ALWAYS_EMBED_SWIFT_STANDARD_LIBRARIES = YES;
				CODE_SIGN_STYLE = Automatic;
				DEVELOPMENT_TEAM = QG72F67B5X;
				INFOPLIST_FILE = CoinHawkUITests/Info.plist;
				LD_RUNPATH_SEARCH_PATHS = (
					"$(inherited)",
					"@executable_path/Frameworks",
					"@loader_path/Frameworks",
				);
				PRODUCT_BUNDLE_IDENTIFIER = com.cameroncronheimer.CoinHawkUITests;
				PRODUCT_NAME = "$(TARGET_NAME)";
				SWIFT_VERSION = 5.0;
				TARGETED_DEVICE_FAMILY = "1,2";
				TEST_TARGET_NAME = CoinHawk;
			};
			name = Release;
		};
/* End XCBuildConfiguration section */

/* Begin XCConfigurationList section */
		6B0A78A926D31012004A0708 /* Build configuration list for PBXProject "CoinHawk" */ = {
			isa = XCConfigurationList;
			buildConfigurations = (
				6B0A78D126D31014004A0708 /* Debug */,
				6B0A78D226D31014004A0708 /* Release */,
			);
			defaultConfigurationIsVisible = 0;
			defaultConfigurationName = Release;
		};
		6B0A78D326D31014004A0708 /* Build configuration list for PBXNativeTarget "CoinHawk" */ = {
			isa = XCConfigurationList;
			buildConfigurations = (
				6B0A78D426D31014004A0708 /* Debug */,
				6B0A78D526D31014004A0708 /* Release */,
			);
			defaultConfigurationIsVisible = 0;
			defaultConfigurationName = Release;
		};
		6B0A78D626D31014004A0708 /* Build configuration list for PBXNativeTarget "CoinHawkTests" */ = {
			isa = XCConfigurationList;
			buildConfigurations = (
				6B0A78D726D31014004A0708 /* Debug */,
				6B0A78D826D31014004A0708 /* Release */,
			);
			defaultConfigurationIsVisible = 0;
			defaultConfigurationName = Release;
		};
		6B0A78D926D31014004A0708 /* Build configuration list for PBXNativeTarget "CoinHawkUITests" */ = {
			isa = XCConfigurationList;
			buildConfigurations = (
				6B0A78DA26D31014004A0708 /* Debug */,
				6B0A78DB26D31014004A0708 /* Release */,
			);
			defaultConfigurationIsVisible = 0;
			defaultConfigurationName = Release;
		};
/* End XCConfigurationList section */

/* Begin XCVersionGroup section */
		6B0C239D26D5EBD100A2ABF9 /* PortfolioContainer.xcdatamodeld */ = {
			isa = XCVersionGroup;
			children = (
				6B0C239E26D5EBD100A2ABF9 /* PortfolioContainer.xcdatamodel */,
			);
			currentVersion = 6B0C239E26D5EBD100A2ABF9 /* PortfolioContainer.xcdatamodel */;
			path = PortfolioContainer.xcdatamodeld;
			sourceTree = "<group>";
			versionGroupType = wrapper.xcdatamodel;
		};
/* End XCVersionGroup section */
	};
	rootObject = 6B0A78A626D31012004A0708 /* Project object */;
}
